
Microsoft Visual Studio Solution File, Format Version 12.00
# Visual Studio Version 16
VisualStudioVersion = 16.0.31729.503
MinimumVisualStudioVersion = 10.0.40219.1
Project("{FAE04EC0-301F-11D3-BF4B-00C04F79EFBC}") = "UserCreator.Core", "UserCreator.Core.csproj", "{3D2E9FEE-F357-44A7-9818-F8E93CD0A6F3}"
EndProject
Project("{9A19103F-16F7-4668-BE54-9A1E7A4F7556}") = "UserCreator", "..\UserCreator.Presentation\UserCreator.csproj", "{8C063565-1C18-447D-B275-599C7B1DDC84}"
EndProject
Project("{FAE04EC0-301F-11D3-BF4B-00C04F79EFBC}") = "UserCreator.Infrastructure", "..\UserCreator.Infrastructure\UserCreator.Infrastructure.csproj", "{F3834D80-A2E8-4D7B-9AB6-8BB9FD4AB251}"
EndProject
Global
	GlobalSection(SolutionConfigurationPlatforms) = preSolution
		Debug|Any CPU = Debug|Any CPU
		Release|Any CPU = Release|Any CPU
	EndGlobalSection
	GlobalSection(ProjectConfigurationPlatforms) = postSolution
		{3D2E9FEE-F357-44A7-9818-F8E93CD0A6F3}.Debug|Any CPU.ActiveCfg = Debug|Any CPU
		{3D2E9FEE-F357-44A7-9818-F8E93CD0A6F3}.Debug|Any CPU.Build.0 = Debug|Any CPU
		{3D2E9FEE-F357-44A7-9818-F8E93CD0A6F3}.Release|Any CPU.ActiveCfg = Release|Any CPU
		{3D2E9FEE-F357-44A7-9818-F8E93CD0A6F3}.Release|Any CPU.Build.0 = Release|Any CPU
		{8C063565-1C18-447D-B275-599C7B1DDC84}.Debug|Any CPU.ActiveCfg = Debug|Any CPU
		{8C063565-1C18-447D-B275-599C7B1DDC84}.Debug|Any CPU.Build.0 = Debug|Any CPU
		{8C063565-1C18-447D-B275-599C7B1DDC84}.Release|Any CPU.ActiveCfg = Release|Any CPU
		{8C063565-1C18-447D-B275-599C7B1DDC84}.Release|Any CPU.Build.0 = Release|Any CPU
		{F3834D80-A2E8-4D7B-9AB6-8BB9FD4AB251}.Debug|Any CPU.ActiveCfg = Debug|Any CPU
		{F3834D80-A2E8-4D7B-9AB6-8BB9FD4AB251}.Debug|Any CPU.Build.0 = Debug|Any CPU
		{F3834D80-A2E8-4D7B-9AB6-8BB9FD4AB251}.Release|Any CPU.ActiveCfg = Release|Any CPU
		{F3834D80-A2E8-4D7B-9AB6-8BB9FD4AB251}.Release|Any CPU.Build.0 = Release|Any CPU
	EndGlobalSection
	GlobalSection(SolutionProperties) = preSolution
		HideSolutionNode = FALSE
	EndGlobalSection
	GlobalSection(ExtensibilityGlobals) = postSolution
		SolutionGuid = {463D9948-9774-47F9-AE6D-403138FA2737}
	EndGlobalSection
EndGlobal
